
Microsoft Visual Studio Solution File, Format Version 12.00
# Visual Studio Version 16
VisualStudioVersion = 16.0.33801.447
MinimumVisualStudioVersion = 10.0.40219.1
Project("{FAE04EC0-301F-11D3-BF4B-00C04F79EFBC}") = "Other_Excercises", "Other_Excercises.csproj", "{B965055F-F556-40A1-8563-9B77EE414D56}"
EndProject
Global
	GlobalSection(SolutionConfigurationPlatforms) = preSolution
		Debug|Any CPU = Debug|Any CPU
		Release|Any CPU = Release|Any CPU
	EndGlobalSection
	GlobalSection(ProjectConfigurationPlatforms) = postSolution
		{B965055F-F556-40A1-8563-9B77EE414D56}.Debug|Any CPU.ActiveCfg = Debug|Any CPU
		{B965055F-F556-40A1-8563-9B77EE414D56}.Debug|Any CPU.Build.0 = Debug|Any CPU
		{B965055F-F556-40A1-8563-9B77EE414D56}.Release|Any CPU.ActiveCfg = Release|Any CPU
		{B965055F-F556-40A1-8563-9B77EE414D56}.Release|Any CPU.Build.0 = Release|Any CPU
	EndGlobalSection
	GlobalSection(SolutionProperties) = preSolution
		HideSolutionNode = FALSE
	EndGlobalSection
	GlobalSection(ExtensibilityGlobals) = postSolution
		SolutionGuid = {57FDC85E-74B1-42DA-B3C4-CAF2650E9547}
	EndGlobalSection
EndGlobal
